
Microsoft Visual Studio Solution File, Format Version 12.00
# Visual Studio Version 17
VisualStudioVersion = 17.6.33815.320
MinimumVisualStudioVersion = 10.0.40219.1
Project("{54A90642-561A-4BB1-A94E-469ADEE60C69}") = "angularapp", "angularapp\angularapp.esproj", "{CDBA69BB-7F4C-4196-9D0B-2FF38FD521E5}"
EndProject
Project("{9A19103F-16F7-4668-BE54-9A1E7A4F7556}") = "webapi", "webapi\webapi.csproj", "{B05A9E73-61F8-42B6-87F6-F239F9111F7B}"
EndProject
Global
	GlobalSection(SolutionConfigurationPlatforms) = preSolution
		Debug|Any CPU = Debug|Any CPU
		Release|Any CPU = Release|Any CPU
	EndGlobalSection
	GlobalSection(ProjectConfigurationPlatforms) = postSolution
		{CDBA69BB-7F4C-4196-9D0B-2FF38FD521E5}.Debug|Any CPU.ActiveCfg = Debug|Any CPU
		{CDBA69BB-7F4C-4196-9D0B-2FF38FD521E5}.Debug|Any CPU.Build.0 = Debug|Any CPU
		{CDBA69BB-7F4C-4196-9D0B-2FF38FD521E5}.Debug|Any CPU.Deploy.0 = Debug|Any CPU
		{CDBA69BB-7F4C-4196-9D0B-2FF38FD521E5}.Release|Any CPU.ActiveCfg = Release|Any CPU
		{CDBA69BB-7F4C-4196-9D0B-2FF38FD521E5}.Release|Any CPU.Build.0 = Release|Any CPU
		{CDBA69BB-7F4C-4196-9D0B-2FF38FD521E5}.Release|Any CPU.Deploy.0 = Release|Any CPU
		{B05A9E73-61F8-42B6-87F6-F239F9111F7B}.Debug|Any CPU.ActiveCfg = Debug|Any CPU
		{B05A9E73-61F8-42B6-87F6-F239F9111F7B}.Debug|Any CPU.Build.0 = Debug|Any CPU
		{B05A9E73-61F8-42B6-87F6-F239F9111F7B}.Release|Any CPU.ActiveCfg = Release|Any CPU
		{B05A9E73-61F8-42B6-87F6-F239F9111F7B}.Release|Any CPU.Build.0 = Release|Any CPU
	EndGlobalSection
	GlobalSection(SolutionProperties) = preSolution
		HideSolutionNode = FALSE
	EndGlobalSection
	GlobalSection(ExtensibilityGlobals) = postSolution
		SolutionGuid = {1B44B562-0EE4-430B-96E0-3D88F72ACB9F}
	EndGlobalSection
EndGlobal
